<?xml version="1.0" encoding="utf-8"?>
<Project ToolsVersion="4.0" xmlns="http://schemas.microsoft.com/developer/msbuild/2003">
  <ItemGroup>
    <Filter Include="源文件">
      <UniqueIdentifier>{4FC737F1-C7A5-4376-A066-2A32D752A2FF}</UniqueIdentifier>
      <Extensions>cpp;c;cc;cxx;def;odl;idl;hpj;bat;asm;asmx</Extensions>
    </Filter>
    <Filter Include="头文件">
      <UniqueIdentifier>{93995380-89BD-4b04-88EB-625FBE52EBFB}</UniqueIdentifier>
      <Extensions>h;hpp;hxx;hm;inl;inc;xsd</Extensions>
    </Filter>
    <Filter Include="资源文件">
      <UniqueIdentifier>{67DA6AB6-F800-4c08-8B7A-83BB121AAD01}</UniqueIdentifier>
      <Extensions>rc;ico;cur;bmp;dlg;rc2;rct;bin;rgs;gif;jpg;jpeg;jpe;resx;tiff;tif;png;wav</Extensions>
    </Filter>
    <Filter Include="生成的文件">
      <UniqueIdentifier>{c0fce588-15d0-47e8-9a25-e344baf62749}</UniqueIdentifier>
      <SourceControlFiles>False</SourceControlFiles>
    </Filter>
    <Filter Include="idl">
      <UniqueIdentifier>{673b6945-459b-42a9-a814-75f40e77ab0d}</UniqueIdentifier>
    </Filter>
  </ItemGroup>
  <ItemGroup>
    <ClCompile Include="ChannelBuffer.cpp">
      <Filter>源文件</Filter>
    </ClCompile>
    <ClCompile Include="ClassObjectMap.cpp">
      <Filter>源文件</Filter>
    </ClCompile>
    <ClCompile Include="ConnectionList.cpp">
      <Filter>源文件</Filter>
    </ClCompile>
    <ClCompile Include="dcom_c.c">
      <Filter>源文件</Filter>
    </ClCompile>
    <ClCompile Include="dlldatax.c">
      <Filter>源文件</Filter>
    </ClCompile>
    <ClCompile Include="ErrorInfo.cpp">
      <Filter>源文件</Filter>
    </ClCompile>
    <ClCompile Include="EventManager.cpp">
      <Filter>源文件</Filter>
    </ClCompile>
    <ClCompile Include="GetClassObjectDelegate.cpp">
      <Filter>源文件</Filter>
    </ClCompile>
    <ClCompile Include="Handles.cpp">
      <Filter>源文件</Filter>
    </ClCompile>
    <ClCompile Include="InterfaceMap.cpp">
      <Filter>源文件</Filter>
    </ClCompile>
    <ClCompile Include="InterfaceMarshal.cpp">
      <Filter>源文件</Filter>
    </ClCompile>
    <ClCompile Include="InvokeHandler.cpp">
      <Filter>源文件</Filter>
    </ClCompile>
    <ClCompile Include="Marshal.cpp">
      <Filter>源文件</Filter>
    </ClCompile>
    <ClCompile Include="MarshaledInterfaceList.cpp">
      <Filter>源文件</Filter>
    </ClCompile>
    <ClCompile Include="MemStream.cpp">
      <Filter>源文件</Filter>
    </ClCompile>
    <ClCompile Include="Module.cpp">
      <Filter>源文件</Filter>
    </ClCompile>
    <ClCompile Include="ObjectResolver.cpp">
      <Filter>源文件</Filter>
    </ClCompile>
    <ClCompile Include="ObjRef.cpp">
      <Filter>源文件</Filter>
    </ClCompile>
    <ClCompile Include="ProcReplacement.cpp">
      <Filter>源文件</Filter>
    </ClCompile>
    <ClCompile Include="ProxyManager.cpp">
      <Filter>源文件</Filter>
    </ClCompile>
    <ClCompile Include="ProxyManagerList.cpp">
      <Filter>源文件</Filter>
    </ClCompile>
    <ClCompile Include="PsFactoryBuffer.cpp">
      <Filter>源文件</Filter>
    </ClCompile>
    <ClCompile Include="Resolver.cpp">
      <Filter>源文件</Filter>
    </ClCompile>
    <ClCompile Include="RpcBuffer.cpp">
      <Filter>源文件</Filter>
    </ClCompile>
    <ClCompile Include="RpcExt.cpp">
      <Filter>源文件</Filter>
    </ClCompile>
    <ClCompile Include="RpcMessage.cpp">
      <Filter>源文件</Filter>
    </ClCompile>
    <ClCompile Include="RpcQueue.cpp">
      <Filter>源文件</Filter>
    </ClCompile>
    <ClCompile Include="RpcServer.cpp">
      <Filter>源文件</Filter>
    </ClCompile>
    <ClCompile Include="RpcShell.cpp">
      <Filter>源文件</Filter>
    </ClCompile>
    <ClCompile Include="SimpleObjectMap.cpp">
      <Filter>源文件</Filter>
    </ClCompile>
    <ClCompile Include="Socket.cpp">
      <Filter>源文件</Filter>
    </ClCompile>
    <ClCompile Include="SocketList.cpp">
      <Filter>源文件</Filter>
    </ClCompile>
    <ClCompile Include="stdafx.cpp">
      <Filter>源文件</Filter>
    </ClCompile>
    <ClCompile Include="StdObjList.cpp">
      <Filter>源文件</Filter>
    </ClCompile>
    <ClCompile Include="StubBufferMap.cpp">
      <Filter>源文件</Filter>
    </ClCompile>
    <ClCompile Include="StubManager.cpp">
      <Filter>源文件</Filter>
    </ClCompile>
    <ClCompile Include="StubManagerList.cpp">
      <Filter>源文件</Filter>
    </ClCompile>
    <ClCompile Include="ThreadHandles.cpp">
      <Filter>源文件</Filter>
    </ClCompile>
    <ClCompile Include="ThreadInfo.cpp">
      <Filter>源文件</Filter>
    </ClCompile>
    <ClCompile Include="ThreadPool.cpp">
      <Filter>源文件</Filter>
    </ClCompile>
    <ClCompile Include="ThreadStorage.cpp">
      <Filter>源文件</Filter>
    </ClCompile>
    <ClCompile Include="ThreadWindow.cpp">
      <Filter>源文件</Filter>
    </ClCompile>
    <ClCompile Include="CallContext.cpp">
      <Filter>源文件</Filter>
    </ClCompile>
    <ClCompile Include="Connection.cpp">
      <Filter>源文件</Filter>
    </ClCompile>
    <ClCompile Include="ServerConnection.cpp">
      <Filter>源文件</Filter>
    </ClCompile>
    <ClCompile Include="ClientConnection.cpp">
      <Filter>源文件</Filter>
    </ClCompile>
    <ClCompile Include="Command.cpp">
      <Filter>源文件</Filter>
    </ClCompile>
    <ClCompile Include="Apartment.cpp">
      <Filter>源文件</Filter>
    </ClCompile>
    <ClCompile Include="Settings.cpp">
      <Filter>源文件</Filter>
    </ClCompile>
    <ClCompile Include="ThreadPool2.cpp">
      <Filter>源文件</Filter>
    </ClCompile>
    <ClCompile Include="AppContextMap.cpp">
      <Filter>源文件</Filter>
    </ClCompile>
    <ClCompile Include="GuidMap.cpp">
      <Filter>源文件</Filter>
    </ClCompile>
    <ClCompile Include="SecurityContext.cpp">
      <Filter>源文件</Filter>
    </ClCompile>
    <ClCompile Include="RpcShell_i.c">
      <Filter>生成的文件</Filter>
    </ClCompile>
    <ClCompile Include="ConnectionMap.cpp">
      <Filter>源文件</Filter>
    </ClCompile>
    <ClCompile Include="HashMap.cpp">
      <Filter>源文件</Filter>
    </ClCompile>
  </ItemGroup>
  <ItemGroup>
    <None Include="RpcExt.def">
      <Filter>源文件</Filter>
    </None>
  </ItemGroup>
  <ItemGroup>
    <ClInclude Include="ChannelBuffer.h">
      <Filter>头文件</Filter>
    </ClInclude>
    <ClInclude Include="ClassObjectMap.h">
      <Filter>头文件</Filter>
    </ClInclude>
    <ClInclude Include="ConnectionList.h">
      <Filter>头文件</Filter>
    </ClInclude>
    <ClInclude Include="dlldatax.h">
      <Filter>头文件</Filter>
    </ClInclude>
    <ClInclude Include="ErrorInfo.h">
      <Filter>头文件</Filter>
    </ClInclude>
    <ClInclude Include="EventManager.h">
      <Filter>头文件</Filter>
    </ClInclude>
    <ClInclude Include="GetClassObjectDelegate.h">
      <Filter>头文件</Filter>
    </ClInclude>
    <ClInclude Include="Handles.h">
      <Filter>头文件</Filter>
    </ClInclude>
    <ClInclude Include="InterfaceMap.h">
      <Filter>头文件</Filter>
    </ClInclude>
    <ClInclude Include="InterfaceMarshal.h">
      <Filter>头文件</Filter>
    </ClInclude>
    <ClInclude Include="InvokeHandler.h">
      <Filter>头文件</Filter>
    </ClInclude>
    <ClInclude Include="Marshal.h">
      <Filter>头文件</Filter>
    </ClInclude>
    <ClInclude Include="MarshaledInterfaceList.h">
      <Filter>头文件</Filter>
    </ClInclude>
    <ClInclude Include="MemStream.h">
      <Filter>头文件</Filter>
    </ClInclude>
    <ClInclude Include="ObjectResolver.h">
      <Filter>头文件</Filter>
    </ClInclude>
    <ClInclude Include="ObjRef.h">
      <Filter>头文件</Filter>
    </ClInclude>
    <ClInclude Include="ProcReplacement.h">
      <Filter>头文件</Filter>
    </ClInclude>
    <ClInclude Include="ProxyManager.h">
      <Filter>头文件</Filter>
    </ClInclude>
    <ClInclude Include="ProxyManagerList.h">
      <Filter>头文件</Filter>
    </ClInclude>
    <ClInclude Include="PsFactoryBuffer.h">
      <Filter>头文件</Filter>
    </ClInclude>
    <ClInclude Include="Resolver.h">
      <Filter>头文件</Filter>
    </ClInclude>
    <ClInclude Include="Resource.h">
      <Filter>头文件</Filter>
    </ClInclude>
    <ClInclude Include="RpcBuffer.h">
      <Filter>头文件</Filter>
    </ClInclude>
    <ClInclude Include="RpcDef.h">
      <Filter>头文件</Filter>
    </ClInclude>
    <ClInclude Include="RpcExt.h">
      <Filter>头文件</Filter>
    </ClInclude>
    <ClInclude Include="RpcHandler.h">
      <Filter>头文件</Filter>
    </ClInclude>
    <ClInclude Include="RpcMessage.h">
      <Filter>头文件</Filter>
    </ClInclude>
    <ClInclude Include="RpcQueue.h">
      <Filter>头文件</Filter>
    </ClInclude>
    <ClInclude Include="RpcServer.h">
      <Filter>头文件</Filter>
    </ClInclude>
    <ClInclude Include="RpcShell.h">
      <Filter>头文件</Filter>
    </ClInclude>
    <ClInclude Include="SimpleObjectMap.h">
      <Filter>头文件</Filter>
    </ClInclude>
    <ClInclude Include="Socket.h">
      <Filter>头文件</Filter>
    </ClInclude>
    <ClInclude Include="SocketList.h">
      <Filter>头文件</Filter>
    </ClInclude>
    <ClInclude Include="stdafx.h">
      <Filter>头文件</Filter>
    </ClInclude>
    <ClInclude Include="StdObjList.h">
      <Filter>头文件</Filter>
    </ClInclude>
    <ClInclude Include="StubBufferMap.h">
      <Filter>头文件</Filter>
    </ClInclude>
    <ClInclude Include="StubManager.h">
      <Filter>头文件</Filter>
    </ClInclude>
    <ClInclude Include="StubManagerList.h">
      <Filter>头文件</Filter>
    </ClInclude>
    <ClInclude Include="ThreadHandles.h">
      <Filter>头文件</Filter>
    </ClInclude>
    <ClInclude Include="ThreadInfo.h">
      <Filter>头文件</Filter>
    </ClInclude>
    <ClInclude Include="ThreadPool.h">
      <Filter>头文件</Filter>
    </ClInclude>
    <ClInclude Include="ThreadStorage.h">
      <Filter>头文件</Filter>
    </ClInclude>
    <ClInclude Include="ThreadWindow.h">
      <Filter>头文件</Filter>
    </ClInclude>
    <ClInclude Include="CallContext.h">
      <Filter>头文件</Filter>
    </ClInclude>
    <ClInclude Include="Connection.h">
      <Filter>头文件</Filter>
    </ClInclude>
    <ClInclude Include="ClientConnection.h">
      <Filter>头文件</Filter>
    </ClInclude>
    <ClInclude Include="ServerConnection.h">
      <Filter>头文件</Filter>
    </ClInclude>
    <ClInclude Include="Command.h">
      <Filter>头文件</Filter>
    </ClInclude>
    <ClInclude Include="Apartment.h">
      <Filter>头文件</Filter>
    </ClInclude>
    <ClInclude Include="Settings.h">
      <Filter>头文件</Filter>
    </ClInclude>
    <ClInclude Include="ThreadPool2.h">
      <Filter>头文件</Filter>
    </ClInclude>
    <ClInclude Include="AppContextMap.h">
      <Filter>头文件</Filter>
    </ClInclude>
    <ClInclude Include="GuidMap.h">
      <Filter>头文件</Filter>
    </ClInclude>
    <ClInclude Include="SecurityContext.h">
      <Filter>头文件</Filter>
    </ClInclude>
    <ClInclude Include="ConnectionMap.h">
      <Filter>头文件</Filter>
    </ClInclude>
    <ClInclude Include="HashMap.h">
      <Filter>头文件</Filter>
    </ClInclude>
  </ItemGroup>
  <ItemGroup>
    <ResourceCompile Include="RpcExt.rc">
      <Filter>资源文件</Filter>
    </ResourceCompile>
  </ItemGroup>
  <ItemGroup>
    <Midl Include="dcom.idl">
      <Filter>idl</Filter>
    </Midl>
    <Midl Include="RpcShell.idl">
      <Filter>idl</Filter>
    </Midl>
  </ItemGroup>
</Project>